
Microsoft Visual Studio Solution File, Format Version 12.00
# Visual Studio Version 17
VisualStudioVersion = 17.6.33815.320
MinimumVisualStudioVersion = 10.0.40219.1
Project("{FAE04EC0-301F-11D3-BF4B-00C04F79EFBC}") = "WinFormsApp1", "WinFormsApp1\WinFormsApp1.csproj", "{402338E2-C198-4573-B542-54BE8596DBC6}"
EndProject
Global
	GlobalSection(SolutionConfigurationPlatforms) = preSolution
		Debug|Any CPU = Debug|Any CPU
		Release|Any CPU = Release|Any CPU
	EndGlobalSection
	GlobalSection(ProjectConfigurationPlatforms) = postSolution
		{402338E2-C198-4573-B542-54BE8596DBC6}.Debug|Any CPU.ActiveCfg = Debug|Any CPU
		{402338E2-C198-4573-B542-54BE8596DBC6}.Debug|Any CPU.Build.0 = Debug|Any CPU
		{402338E2-C198-4573-B542-54BE8596DBC6}.Release|Any CPU.ActiveCfg = Release|Any CPU
		{402338E2-C198-4573-B542-54BE8596DBC6}.Release|Any CPU.Build.0 = Release|Any CPU
	EndGlobalSection
	GlobalSection(SolutionProperties) = preSolution
		HideSolutionNode = FALSE
	EndGlobalSection
	GlobalSection(ExtensibilityGlobals) = postSolution
		SolutionGuid = {60FC389C-6487-467A-AFA1-BE796C1B320F}
	EndGlobalSection
EndGlobal
